Microsoft Visual Studio Solution File, Format Version 12.00
# Visual Studio Version 17
VisualStudioVersion = 17.5.2.0
MinimumVisualStudioVersion = 10.0.40219.1
Project("{FAE04EC0-301F-11D3-BF4B-00C04F79EFBC}") = "redAlert", "redAlert.csproj", "{2060E335-42B4-A17E-2AA3-60DE38584D1B}"
EndProject
Global
	GlobalSection(SolutionConfigurationPlatforms) = preSolution
		Debug|Any CPU = Debug|Any CPU
		Release|Any CPU = Release|Any CPU
	EndGlobalSection
	GlobalSection(ProjectConfigurationPlatforms) = postSolution
		{2060E335-42B4-A17E-2AA3-60DE38584D1B}.Debug|Any CPU.ActiveCfg = Debug|Any CPU
		{2060E335-42B4-A17E-2AA3-60DE38584D1B}.Debug|Any CPU.Build.0 = Debug|Any CPU
		{2060E335-42B4-A17E-2AA3-60DE38584D1B}.Release|Any CPU.ActiveCfg = Release|Any CPU
		{2060E335-42B4-A17E-2AA3-60DE38584D1B}.Release|Any CPU.Build.0 = Release|Any CPU
	EndGlobalSection
	GlobalSection(SolutionProperties) = preSolution
		HideSolutionNode = FALSE
	EndGlobalSection
	GlobalSection(ExtensibilityGlobals) = postSolution
		SolutionGuid = {93BBCCBE-17CB-46A3-89CC-9A1BB0BD1D72}
	EndGlobalSection
EndGlobal
